
Microsoft Visual Studio Solution File, Format Version 12.00
# Visual Studio Version 17
VisualStudioVersion = 17.1.32210.238
MinimumVisualStudioVersion = 10.0.40219.1
Project("{9A19103F-16F7-4668-BE54-9A1E7A4F7556}") = "RentOrBuy.Home.API", "RentOrBuy\RentOrBuy.Home.API.csproj", "{E2253D6D-2F3A-4DBE-966C-AE706BBB356C}"
EndProject
Project("{9A19103F-16F7-4668-BE54-9A1E7A4F7556}") = "RentOrBuy.Home.Business", "RentOrBuy.Home.Business\RentOrBuy.Home.Business.csproj", "{9D06FF1B-9AD4-4A5B-83A2-3C5A6C5C7510}"
EndProject
Project("{9A19103F-16F7-4668-BE54-9A1E7A4F7556}") = "RentOrBuy.Home.DataAccess", "RentOrBuy.Home.DataAccess\RentOrBuy.Home.DataAccess.csproj", "{F60DD0B2-9EAD-47D0-8634-8A399445CCAD}"
EndProject
Project("{9A19103F-16F7-4668-BE54-9A1E7A4F7556}") = "RentOrBuy.Home.DataModel", "RentOrBuy.Home.DataModel\RentOrBuy.Home.DataModel.csproj", "{1EC4F4B8-65A3-497B-AB28-D59411B79C0B}"
EndProject
Project("{FAE04EC0-301F-11D3-BF4B-00C04F79EFBC}") = "CommonExtensions", "CommonExtensions\CommonExtensions.csproj", "{2139CE0A-E190-411C-A813-DE2ED700BE68}"
EndProject
Global
	GlobalSection(SolutionConfigurationPlatforms) = preSolution
		Debug|Any CPU = Debug|Any CPU
		Release|Any CPU = Release|Any CPU
	EndGlobalSection
	GlobalSection(ProjectConfigurationPlatforms) = postSolution
		{E2253D6D-2F3A-4DBE-966C-AE706BBB356C}.Debug|Any CPU.ActiveCfg = Debug|Any CPU
		{E2253D6D-2F3A-4DBE-966C-AE706BBB356C}.Debug|Any CPU.Build.0 = Debug|Any CPU
		{E2253D6D-2F3A-4DBE-966C-AE706BBB356C}.Release|Any CPU.ActiveCfg = Release|Any CPU
		{E2253D6D-2F3A-4DBE-966C-AE706BBB356C}.Release|Any CPU.Build.0 = Release|Any CPU
		{9D06FF1B-9AD4-4A5B-83A2-3C5A6C5C7510}.Debug|Any CPU.ActiveCfg = Debug|Any CPU
		{9D06FF1B-9AD4-4A5B-83A2-3C5A6C5C7510}.Debug|Any CPU.Build.0 = Debug|Any CPU
		{9D06FF1B-9AD4-4A5B-83A2-3C5A6C5C7510}.Release|Any CPU.ActiveCfg = Release|Any CPU
		{9D06FF1B-9AD4-4A5B-83A2-3C5A6C5C7510}.Release|Any CPU.Build.0 = Release|Any CPU
		{F60DD0B2-9EAD-47D0-8634-8A399445CCAD}.Debug|Any CPU.ActiveCfg = Debug|Any CPU
		{F60DD0B2-9EAD-47D0-8634-8A399445CCAD}.Debug|Any CPU.Build.0 = Debug|Any CPU
		{F60DD0B2-9EAD-47D0-8634-8A399445CCAD}.Release|Any CPU.ActiveCfg = Release|Any CPU
		{F60DD0B2-9EAD-47D0-8634-8A399445CCAD}.Release|Any CPU.Build.0 = Release|Any CPU
		{1EC4F4B8-65A3-497B-AB28-D59411B79C0B}.Debug|Any CPU.ActiveCfg = Debug|Any CPU
		{1EC4F4B8-65A3-497B-AB28-D59411B79C0B}.Debug|Any CPU.Build.0 = Debug|Any CPU
		{1EC4F4B8-65A3-497B-AB28-D59411B79C0B}.Release|Any CPU.ActiveCfg = Release|Any CPU
		{1EC4F4B8-65A3-497B-AB28-D59411B79C0B}.Release|Any CPU.Build.0 = Release|Any CPU
		{2139CE0A-E190-411C-A813-DE2ED700BE68}.Debug|Any CPU.ActiveCfg = Debug|Any CPU
		{2139CE0A-E190-411C-A813-DE2ED700BE68}.Debug|Any CPU.Build.0 = Debug|Any CPU
		{2139CE0A-E190-411C-A813-DE2ED700BE68}.Release|Any CPU.ActiveCfg = Release|Any CPU
		{2139CE0A-E190-411C-A813-DE2ED700BE68}.Release|Any CPU.Build.0 = Release|Any CPU
	EndGlobalSection
	GlobalSection(SolutionProperties) = preSolution
		HideSolutionNode = FALSE
	EndGlobalSection
	GlobalSection(ExtensibilityGlobals) = postSolution
		SolutionGuid = {F1E5533F-B76B-41AB-9917-E43679DE4289}
	EndGlobalSection
EndGlobal
